
Microsoft Visual Studio Solution File, Format Version 12.00
# Visual Studio 15
VisualStudioVersion = 15.0.27130.2027
MinimumVisualStudioVersion = 10.0.40219.1
Project("{FAE04EC0-301F-11D3-BF4B-00C04F79EFBC}") = "Conectados2", "Conectados2\Conectados2.csproj", "{958DF18C-EF6B-4DC7-8675-1647FCB609D3}"
EndProject
Global
	GlobalSection(SolutionConfigurationPlatforms) = preSolution
		Debug|Any CPU = Debug|Any CPU
		Release|Any CPU = Release|Any CPU
	EndGlobalSection
	GlobalSection(ProjectConfigurationPlatforms) = postSolution
		{958DF18C-EF6B-4DC7-8675-1647FCB609D3}.Debug|Any CPU.ActiveCfg = Debug|Any CPU
		{958DF18C-EF6B-4DC7-8675-1647FCB609D3}.Debug|Any CPU.Build.0 = Debug|Any CPU
		{958DF18C-EF6B-4DC7-8675-1647FCB609D3}.Release|Any CPU.ActiveCfg = Release|Any CPU
		{958DF18C-EF6B-4DC7-8675-1647FCB609D3}.Release|Any CPU.Build.0 = Release|Any CPU
	EndGlobalSection
	GlobalSection(SolutionProperties) = preSolution
		HideSolutionNode = FALSE
	EndGlobalSection
	GlobalSection(ExtensibilityGlobals) = postSolution
		SolutionGuid = {CC12C2D3-6459-4103-8B71-556CD8A5A931}
	EndGlobalSection
EndGlobal
